{
    "name": "string-highlight",
    "version": "0.0.1",
    "lockfileVersion": 1,
    "requires": true,
    "dependencies": {
        "@emmetio/extract-abbreviation": {
            "version": "0.1.6",
            "resolved": "https://registry.npm.taobao.org/@emmetio/extract-abbreviation/download/@emmetio/extract-abbreviation-0.1.6.tgz",
            "integrity": "sha1-5KmFbBBX8K/31EO4U2R3wkOr4ow="
        },
        "@types/vscode": {
            "version": "1.53.0",
            "resolved": "https://registry.npm.taobao.org/@types/vscode/download/@types/vscode-1.53.0.tgz",
            "integrity": "sha1-R7U3F69lYvKtBRcbychQCCSjkFw=",
            "dev": true
        },
        "jsonc-parser": {
            "version": "1.0.3",
            "resolved": "https://registry.npm.taobao.org/jsonc-parser/download/jsonc-parser-1.0.3.tgz",
            "integrity": "sha1-HVPXFg5AGng9vOq6rYJHP4DmrX4="
        },
        "typescript": {
            "version": "4.1.5",
            "resolved": "https://registry.npm.taobao.org/typescript/download/typescript-4.1.5.tgz?cache=0&sync_timestamp=1613200839079&other_urls=https%3A%2F%2Fregistry.npm.taobao.org%2Ftypescript%2Fdownload%2Ftypescript-4.1.5.tgz",
            "integrity": "sha1-Ejo7IUqv874ykm8Njx9ucE64mnI=",
            "dev": true
        },
        "typescript-lit-html-plugin": {
            "version": "0.9.0",
            "resolved": "https://registry.npm.taobao.org/typescript-lit-html-plugin/download/typescript-lit-html-plugin-0.9.0.tgz",
            "integrity": "sha1-ATrBNAe/ewlBC1RPnBFJfNyToYc=",
            "requires": {
                "typescript-styled-plugin": "^0.13.0",
                "typescript-template-language-service-decorator": "^2.2.0",
                "vscode-html-languageservice": "^2.1.10",
                "vscode-languageserver-types": "^3.13.0"
            }
        },
        "typescript-styled-plugin": {
            "version": "0.13.0",
            "resolved": "https://registry.npm.taobao.org/typescript-styled-plugin/download/typescript-styled-plugin-0.13.0.tgz",
            "integrity": "sha1-5dPRKTubhc/9Rz8Bp/SRetYDXuU=",
            "requires": {
                "typescript-template-language-service-decorator": "^2.0.0",
                "vscode-css-languageservice": "^3.0.12",
                "vscode-emmet-helper": "1.2.11",
                "vscode-languageserver-types": "^3.13.0"
            }
        },
        "typescript-template-language-service-decorator": {
            "version": "2.2.0",
            "resolved": "https://registry.npm.taobao.org/typescript-template-language-service-decorator/download/typescript-template-language-service-decorator-2.2.0.tgz",
            "integrity": "sha1-TubVgPMH+5I5l45pYm8ndbilmyo="
        },
        "vscode-css-languageservice": {
            "version": "3.0.13",
            "resolved": "https://registry.npm.taobao.org/vscode-css-languageservice/download/vscode-css-languageservice-3.0.13.tgz",
            "integrity": "sha1-F4hzW2X95UGB6kWOalLMK9bdkSY=",
            "requires": {
                "vscode-languageserver-types": "^3.13.0",
                "vscode-nls": "^4.0.0"
            }
        },
        "vscode-emmet-helper": {
            "version": "1.2.11",
            "resolved": "https://registry.npm.taobao.org/vscode-emmet-helper/download/vscode-emmet-helper-1.2.11.tgz",
            "integrity": "sha1-TeeCI2Zr+RfrbcSyJbbED2kBlQw=",
            "requires": {
                "@emmetio/extract-abbreviation": "0.1.6",
                "jsonc-parser": "^1.0.0",
                "vscode-languageserver-types": "^3.6.0-next.1"
            }
        },
        "vscode-html-languageservice": {
            "version": "2.1.12",
            "resolved": "https://registry.npm.taobao.org/vscode-html-languageservice/download/vscode-html-languageservice-2.1.12.tgz",
            "integrity": "sha1-tPniPKxv6nTUyYJftKTvm/MTeF4=",
            "requires": {
                "vscode-languageserver-types": "^3.13.0",
                "vscode-nls": "^4.0.0",
                "vscode-uri": "^1.0.6"
            }
        },
        "vscode-languageserver-types": {
            "version": "3.16.0",
            "resolved": "https://registry.npm.taobao.org/vscode-languageserver-types/download/vscode-languageserver-types-3.16.0.tgz",
            "integrity": "sha1-7POT/BIexpdLLaPvsxVWRMUU4kc="
        },
        "vscode-nls": {
            "version": "4.1.2",
            "resolved": "https://registry.npm.taobao.org/vscode-nls/download/vscode-nls-4.1.2.tgz",
            "integrity": "sha1-yov4u4KgmHsygB+f3f3S+5/TwWc="
        },
        "vscode-uri": {
            "version": "1.0.8",
            "resolved": "https://registry.npm.taobao.org/vscode-uri/download/vscode-uri-1.0.8.tgz?cache=0&sync_timestamp=1609835147734&other_urls=https%3A%2F%2Fregistry.npm.taobao.org%2Fvscode-uri%2Fdownload%2Fvscode-uri-1.0.8.tgz",
            "integrity": "sha1-l2mq7OyuQCb7biI1nLOJRlgN7Vk="
        }
    }
}
